
Microsoft Visual Studio Solution File, Format Version 12.00
# Visual Studio 15
VisualStudioVersion = 15.0.28307.421
MinimumVisualStudioVersion = 10.0.40219.1
Project("{9A19103F-16F7-4668-BE54-9A1E7A4F7556}") = "NetDDD.Core", "src\NetDDD.Core\NetDDD.Core.csproj", "{962E5B20-905C-4134-AB2D-7D6B31FDD8EE}"
EndProject
Project("{9A19103F-16F7-4668-BE54-9A1E7A4F7556}") = "NetDDD.Core.Tests", "test\NetDDD.Core.Tests\NetDDD.Core.Tests.csproj", "{6BDE6D9F-9C02-4486-9F36-7804EE17A841}"
EndProject
Global
	GlobalSection(SolutionConfigurationPlatforms) = preSolution
		Debug|Any CPU = Debug|Any CPU
		Release|Any CPU = Release|Any CPU
	EndGlobalSection
	GlobalSection(ProjectConfigurationPlatforms) = postSolution
		{962E5B20-905C-4134-AB2D-7D6B31FDD8EE}.Debug|Any CPU.ActiveCfg = Debug|Any CPU
		{962E5B20-905C-4134-AB2D-7D6B31FDD8EE}.Debug|Any CPU.Build.0 = Debug|Any CPU
		{962E5B20-905C-4134-AB2D-7D6B31FDD8EE}.Release|Any CPU.ActiveCfg = Release|Any CPU
		{962E5B20-905C-4134-AB2D-7D6B31FDD8EE}.Release|Any CPU.Build.0 = Release|Any CPU
		{6BDE6D9F-9C02-4486-9F36-7804EE17A841}.Debug|Any CPU.ActiveCfg = Debug|Any CPU
		{6BDE6D9F-9C02-4486-9F36-7804EE17A841}.Debug|Any CPU.Build.0 = Debug|Any CPU
		{6BDE6D9F-9C02-4486-9F36-7804EE17A841}.Release|Any CPU.ActiveCfg = Release|Any CPU
		{6BDE6D9F-9C02-4486-9F36-7804EE17A841}.Release|Any CPU.Build.0 = Release|Any CPU
	EndGlobalSection
	GlobalSection(SolutionProperties) = preSolution
		HideSolutionNode = FALSE
	EndGlobalSection
	GlobalSection(ExtensibilityGlobals) = postSolution
		SolutionGuid = {487D5D95-321C-47DF-9264-FE4102C90CBB}
	EndGlobalSection
EndGlobal
